
Microsoft Visual Studio Solution File, Format Version 12.00
# Visual Studio Version 16
VisualStudioVersion = 16.0.30517.126
MinimumVisualStudioVersion = 10.0.40219.1
Project("{FAE04EC0-301F-11D3-BF4B-00C04F79EFBC}") = "ManagePhone", "ManagePhone\ManagePhone.csproj", "{368D33EC-BDAD-40E1-B2F4-0BACE5F47C11}"
EndProject
Global
	GlobalSection(SolutionConfigurationPlatforms) = preSolution
		Debug|Any CPU = Debug|Any CPU
		Release|Any CPU = Release|Any CPU
	EndGlobalSection
	GlobalSection(ProjectConfigurationPlatforms) = postSolution
		{368D33EC-BDAD-40E1-B2F4-0BACE5F47C11}.Debug|Any CPU.ActiveCfg = Debug|Any CPU
		{368D33EC-BDAD-40E1-B2F4-0BACE5F47C11}.Debug|Any CPU.Build.0 = Debug|Any CPU
		{368D33EC-BDAD-40E1-B2F4-0BACE5F47C11}.Release|Any CPU.ActiveCfg = Release|Any CPU
		{368D33EC-BDAD-40E1-B2F4-0BACE5F47C11}.Release|Any CPU.Build.0 = Release|Any CPU
	EndGlobalSection
	GlobalSection(SolutionProperties) = preSolution
		HideSolutionNode = FALSE
	EndGlobalSection
	GlobalSection(ExtensibilityGlobals) = postSolution
		SolutionGuid = {969B1605-62B8-49EA-BB3D-7A51B3E40D7F}
	EndGlobalSection
EndGlobal
